Microsoft Visual Studio Solution File, Format Version 9.00
# Visual Studio 2005
Project("{F184B08F-C81C-45F6-A57F-5ABD9991F28F}") = "HitTest", "HitTest\HitTest.vbproj", "{D380E755-7321-4C74-AE20-ED2833BD5BE8}"
	ProjectSection(WebsiteProperties) = preProject
		Debug.AspNetCompiler.Debug = "True"
		Release.AspNetCompiler.Debug = "False"
	EndProjectSection
EndProject
Global
	GlobalSection(SolutionConfigurationPlatforms) = preSolution
		Debug|Any CPU = Debug|Any CPU
		Release|Any CPU = Release|Any CPU
	EndGlobalSection
	GlobalSection(ProjectConfigurationPlatforms) = postSolution
		{D380E755-7321-4C74-AE20-ED2833BD5BE8}.Debug|Any CPU.ActiveCfg = Debug|Any CPU
		{D380E755-7321-4C74-AE20-ED2833BD5BE8}.Debug|Any CPU.Build.0 = Debug|Any CPU
		{D380E755-7321-4C74-AE20-ED2833BD5BE8}.Release|Any CPU.ActiveCfg = Release|Any CPU
		{D380E755-7321-4C74-AE20-ED2833BD5BE8}.Release|Any CPU.Build.0 = Release|Any CPU
	EndGlobalSection
	GlobalSection(SolutionProperties) = preSolution
		HideSolutionNode = FALSE
	EndGlobalSection
EndGlobal
